
Microsoft Visual Studio Solution File, Format Version 12.00
# Visual Studio Version 16
VisualStudioVersion = 16.0.29503.13
MinimumVisualStudioVersion = 10.0.40219.1
Project("{FAE04EC0-301F-11D3-BF4B-00C04F79EFBC}") = "Observer-Pattern", "Observer-Pattern\Observer-Pattern.csproj", "{FDA98EC2-F01F-438A-89A9-0B948EBE98BB}"
EndProject
Global
	GlobalSection(SolutionConfigurationPlatforms) = preSolution
		Debug|Any CPU = Debug|Any CPU
		Release|Any CPU = Release|Any CPU
	EndGlobalSection
	GlobalSection(ProjectConfigurationPlatforms) = postSolution
		{FDA98EC2-F01F-438A-89A9-0B948EBE98BB}.Debug|Any CPU.ActiveCfg = Debug|Any CPU
		{FDA98EC2-F01F-438A-89A9-0B948EBE98BB}.Debug|Any CPU.Build.0 = Debug|Any CPU
		{FDA98EC2-F01F-438A-89A9-0B948EBE98BB}.Release|Any CPU.ActiveCfg = Release|Any CPU
		{FDA98EC2-F01F-438A-89A9-0B948EBE98BB}.Release|Any CPU.Build.0 = Release|Any CPU
	EndGlobalSection
	GlobalSection(SolutionProperties) = preSolution
		HideSolutionNode = FALSE
	EndGlobalSection
	GlobalSection(ExtensibilityGlobals) = postSolution
		SolutionGuid = {8A8283B9-AE9C-45A8-9278-7ABF14B1A8E3}
	EndGlobalSection
EndGlobal
